github.com/mokiat/gomath v0.2.0 h1:ymEIRySh5aVHvqNJfnqJ1aiFNBHzUGy9801oJRLb5mk=
github.com/mokiat/gomath v0.2.0/go.mod h1:HzUDh5PiQcvnXRAwMmdNOqUO3h6IdouLd2BhikJIXz4=
github.com/mokiat/lacking v0.4.0 h1:ni075PNau8zqkGJNjfup3/vlaZw1Uy4Y71pR64DiTkU=
github.com/mokiat/lacking v0.4.0/go.mod h1:pFUpHqzjxic/VZqKM8eky2gtR2EqvjMIe2uepFyE9Lg=
github.com/mokiat/wasmgl v0.3.0 h1:kGclhvEyEfUuhN7YuctBjkHKeZezVduWLkssuEgXYkE=
github.com/mokiat/wasmgl v0.3.0/go.mod h1:Ikx+bDVpuq+OkvdDDwKI0pIluqK+kduVHJhRFBmmGrw=
github.com/onsi/ginkgo/v2 v2.1.3 h1:e/3Cwtogj0HA+25nMP1jCMDIf8RtRYbGwGGuBIFztkc=
github.com/onsi/gomega v1.19.0 h1:4ieX6qQjPP/BfC3mpsAtIGGlxTWPeA3Inl/7DtXw1tw=
golang.org/x/image v0.0.0-20220413100746-70e8d0d3baa9 h1:LRtI4W37N+KFebI/qV0OFiLUv4GLOWeEW5hn/KEJvxE=
golang.org/x/image v0.0.0-20220413100746-70e8d0d3baa9/go.mod h1:023OzeP/+EPmXeapQh35lcL3II3LrY8Ic+EFFKVhULM=
golang.org/x/net v0.0.0-20220225172249-27dd8689420f h1:oA4XRj0qtSt8Yo1Zms0CUlsT3KG69V2UGQWPBxujDmc=
golang.org/x/sys v0.0.0-20211216021012-1d35b9e2eb4e h1:fLOSk5Q00efkSvAm+4xcoXD+RRmLmmulPn5I3Y9F2EM=
golang.org/x/text v0.3.6/go.mod h1:5Zoc/QRtKVWzQhOtBMvqHzDpF6irO9z98xDceosuGiQ=
golang.org/x/text v0.3.7 h1:olpwvP2KacW1ZWvsR7uQhoyTYvKAupfQrRGBFM352Gk=
golang.org/x/text v0.3.7/go.mod h1:u+2+/6zg+i71rQMx5EYifcz6MCKuco9NR6JIITiCfzQ=
golang.org/x/tools v0.0.0-20180917221912-90fa682c2a6e/go.mod h1:n7NCudcB/nEzxVGmLbDWY5pfWTLqBcC2KZ6jyYvM4mQ=
gopkg.in/yaml.v2 v2.4.0 h1:D8xgwECY7CYvx+Y2n4sBz93Jn9JRvxdiyyo8CTfuKaY=
